
Microsoft Visual Studio Solution File, Format Version 12.00
# Visual Studio Version 17
VisualStudioVersion = 17.13.36105.23
MinimumVisualStudioVersion = 10.0.40219.1
Project("{FAE04EC0-301F-11D3-BF4B-00C04F79EFBC}") = "Sprachfeatures", "Sprachfeatures\Sprachfeatures.csproj", "{634C5890-9B06-4EAB-9583-A49A2739BCDC}"
EndProject
Project("{FAE04EC0-301F-11D3-BF4B-00C04F79EFBC}") = "TopLevelStatements", "TopLevelStatements\TopLevelStatements.csproj", "{B34B7CBB-3C0A-4BB3-AF20-98A5D284C837}"
EndProject
Project("{FAE04EC0-301F-11D3-BF4B-00C04F79EFBC}") = "Generics", "Generics\Generics.csproj", "{75A4082C-5184-4729-9C3D-FEDBDBBF5380}"
EndProject
Project("{FAE04EC0-301F-11D3-BF4B-00C04F79EFBC}") = "DelegatesEvents", "DelegatesEvents\DelegatesEvents.csproj", "{BED26AD5-4C77-4FF2-B1DE-FCDF89C95790}"
EndProject
Project("{FAE04EC0-301F-11D3-BF4B-00C04F79EFBC}") = "Serialisierung", "Serialisierung\Serialisierung.csproj", "{E2187EF8-F4E5-47A5-B79E-13EFEB9A9D12}"
EndProject
Project("{FAE04EC0-301F-11D3-BF4B-00C04F79EFBC}") = "Multitasking", "Multitasking\Multitasking.csproj", "{440AEA33-2294-4477-B2C2-E4FEBBA53D80}"
EndProject
Project("{FAE04EC0-301F-11D3-BF4B-00C04F79EFBC}") = "AsyncAwait", "AsyncAwait\AsyncAwait.csproj", "{9211AD70-14FA-454F-AA27-BFA1347B10B4}"
EndProject
Project("{FAE04EC0-301F-11D3-BF4B-00C04F79EFBC}") = "AsyncAwaitWPF", "AsyncAwaitWPF\AsyncAwaitWPF.csproj", "{A8902938-AE31-4ECC-BE99-79612E40236E}"
EndProject
Project("{FAE04EC0-301F-11D3-BF4B-00C04F79EFBC}") = "LinqErweiterungsmethoden", "LinqErweiterungsmethoden\LinqErweiterungsmethoden.csproj", "{55BFDFC7-A139-40BC-903E-E871F49CAD15}"
EndProject
Project("{FAE04EC0-301F-11D3-BF4B-00C04F79EFBC}") = "Reflection", "Reflection\Reflection.csproj", "{D799DEEF-288F-439C-A907-89ADB8A79988}"
EndProject
Project("{FAE04EC0-301F-11D3-BF4B-00C04F79EFBC}") = "PluginClient", "PluginClient\PluginClient.csproj", "{7D804253-DEFA-4379-BFC4-1E14629F2156}"
EndProject
Project("{FAE04EC0-301F-11D3-BF4B-00C04F79EFBC}") = "PluginCalculator", "PluginCalculator\PluginCalculator.csproj", "{0050BBF7-A8BF-498E-B776-CE930DC2BF03}"
EndProject
Project("{FAE04EC0-301F-11D3-BF4B-00C04F79EFBC}") = "PluginBase", "PluginBase\PluginBase.csproj", "{FFE1EEDB-DD7B-4183-A0A5-837F36C7D32C}"
EndProject
Global
	GlobalSection(SolutionConfigurationPlatforms) = preSolution
		Debug|Any CPU = Debug|Any CPU
		Release|Any CPU = Release|Any CPU
	EndGlobalSection
	GlobalSection(ProjectConfigurationPlatforms) = postSolution
		{634C5890-9B06-4EAB-9583-A49A2739BCDC}.Debug|Any CPU.ActiveCfg = Debug|Any CPU
		{634C5890-9B06-4EAB-9583-A49A2739BCDC}.Debug|Any CPU.Build.0 = Debug|Any CPU
		{634C5890-9B06-4EAB-9583-A49A2739BCDC}.Release|Any CPU.ActiveCfg = Release|Any CPU
		{634C5890-9B06-4EAB-9583-A49A2739BCDC}.Release|Any CPU.Build.0 = Release|Any CPU
		{B34B7CBB-3C0A-4BB3-AF20-98A5D284C837}.Debug|Any CPU.ActiveCfg = Debug|Any CPU
		{B34B7CBB-3C0A-4BB3-AF20-98A5D284C837}.Debug|Any CPU.Build.0 = Debug|Any CPU
		{B34B7CBB-3C0A-4BB3-AF20-98A5D284C837}.Release|Any CPU.ActiveCfg = Release|Any CPU
		{B34B7CBB-3C0A-4BB3-AF20-98A5D284C837}.Release|Any CPU.Build.0 = Release|Any CPU
		{75A4082C-5184-4729-9C3D-FEDBDBBF5380}.Debug|Any CPU.ActiveCfg = Debug|Any CPU
		{75A4082C-5184-4729-9C3D-FEDBDBBF5380}.Debug|Any CPU.Build.0 = Debug|Any CPU
		{75A4082C-5184-4729-9C3D-FEDBDBBF5380}.Release|Any CPU.ActiveCfg = Release|Any CPU
		{75A4082C-5184-4729-9C3D-FEDBDBBF5380}.Release|Any CPU.Build.0 = Release|Any CPU
		{BED26AD5-4C77-4FF2-B1DE-FCDF89C95790}.Debug|Any CPU.ActiveCfg = Debug|Any CPU
		{BED26AD5-4C77-4FF2-B1DE-FCDF89C95790}.Debug|Any CPU.Build.0 = Debug|Any CPU
		{BED26AD5-4C77-4FF2-B1DE-FCDF89C95790}.Release|Any CPU.ActiveCfg = Release|Any CPU
		{BED26AD5-4C77-4FF2-B1DE-FCDF89C95790}.Release|Any CPU.Build.0 = Release|Any CPU
		{E2187EF8-F4E5-47A5-B79E-13EFEB9A9D12}.Debug|Any CPU.ActiveCfg = Debug|Any CPU
		{E2187EF8-F4E5-47A5-B79E-13EFEB9A9D12}.Debug|Any CPU.Build.0 = Debug|Any CPU
		{E2187EF8-F4E5-47A5-B79E-13EFEB9A9D12}.Release|Any CPU.ActiveCfg = Release|Any CPU
		{E2187EF8-F4E5-47A5-B79E-13EFEB9A9D12}.Release|Any CPU.Build.0 = Release|Any CPU
		{440AEA33-2294-4477-B2C2-E4FEBBA53D80}.Debug|Any CPU.ActiveCfg = Debug|Any CPU
		{440AEA33-2294-4477-B2C2-E4FEBBA53D80}.Debug|Any CPU.Build.0 = Debug|Any CPU
		{440AEA33-2294-4477-B2C2-E4FEBBA53D80}.Release|Any CPU.ActiveCfg = Release|Any CPU
		{440AEA33-2294-4477-B2C2-E4FEBBA53D80}.Release|Any CPU.Build.0 = Release|Any CPU
		{9211AD70-14FA-454F-AA27-BFA1347B10B4}.Debug|Any CPU.ActiveCfg = Debug|Any CPU
		{9211AD70-14FA-454F-AA27-BFA1347B10B4}.Debug|Any CPU.Build.0 = Debug|Any CPU
		{9211AD70-14FA-454F-AA27-BFA1347B10B4}.Release|Any CPU.ActiveCfg = Release|Any CPU
		{9211AD70-14FA-454F-AA27-BFA1347B10B4}.Release|Any CPU.Build.0 = Release|Any CPU
		{A8902938-AE31-4ECC-BE99-79612E40236E}.Debug|Any CPU.ActiveCfg = Debug|Any CPU
		{A8902938-AE31-4ECC-BE99-79612E40236E}.Debug|Any CPU.Build.0 = Debug|Any CPU
		{A8902938-AE31-4ECC-BE99-79612E40236E}.Release|Any CPU.ActiveCfg = Release|Any CPU
		{A8902938-AE31-4ECC-BE99-79612E40236E}.Release|Any CPU.Build.0 = Release|Any CPU
		{55BFDFC7-A139-40BC-903E-E871F49CAD15}.Debug|Any CPU.ActiveCfg = Debug|Any CPU
		{55BFDFC7-A139-40BC-903E-E871F49CAD15}.Debug|Any CPU.Build.0 = Debug|Any CPU
		{55BFDFC7-A139-40BC-903E-E871F49CAD15}.Release|Any CPU.ActiveCfg = Release|Any CPU
		{55BFDFC7-A139-40BC-903E-E871F49CAD15}.Release|Any CPU.Build.0 = Release|Any CPU
		{D799DEEF-288F-439C-A907-89ADB8A79988}.Debug|Any CPU.ActiveCfg = Debug|Any CPU
		{D799DEEF-288F-439C-A907-89ADB8A79988}.Debug|Any CPU.Build.0 = Debug|Any CPU
		{D799DEEF-288F-439C-A907-89ADB8A79988}.Release|Any CPU.ActiveCfg = Release|Any CPU
		{D799DEEF-288F-439C-A907-89ADB8A79988}.Release|Any CPU.Build.0 = Release|Any CPU
		{7D804253-DEFA-4379-BFC4-1E14629F2156}.Debug|Any CPU.ActiveCfg = Debug|Any CPU
		{7D804253-DEFA-4379-BFC4-1E14629F2156}.Debug|Any CPU.Build.0 = Debug|Any CPU
		{7D804253-DEFA-4379-BFC4-1E14629F2156}.Release|Any CPU.ActiveCfg = Release|Any CPU
		{7D804253-DEFA-4379-BFC4-1E14629F2156}.Release|Any CPU.Build.0 = Release|Any CPU
		{0050BBF7-A8BF-498E-B776-CE930DC2BF03}.Debug|Any CPU.ActiveCfg = Debug|Any CPU
		{0050BBF7-A8BF-498E-B776-CE930DC2BF03}.Debug|Any CPU.Build.0 = Debug|Any CPU
		{0050BBF7-A8BF-498E-B776-CE930DC2BF03}.Release|Any CPU.ActiveCfg = Release|Any CPU
		{0050BBF7-A8BF-498E-B776-CE930DC2BF03}.Release|Any CPU.Build.0 = Release|Any CPU
		{FFE1EEDB-DD7B-4183-A0A5-837F36C7D32C}.Debug|Any CPU.ActiveCfg = Debug|Any CPU
		{FFE1EEDB-DD7B-4183-A0A5-837F36C7D32C}.Debug|Any CPU.Build.0 = Debug|Any CPU
		{FFE1EEDB-DD7B-4183-A0A5-837F36C7D32C}.Release|Any CPU.ActiveCfg = Release|Any CPU
		{FFE1EEDB-DD7B-4183-A0A5-837F36C7D32C}.Release|Any CPU.Build.0 = Release|Any CPU
	EndGlobalSection
	GlobalSection(SolutionProperties) = preSolution
		HideSolutionNode = FALSE
	EndGlobalSection
	GlobalSection(ExtensibilityGlobals) = postSolution
		SolutionGuid = {E78FD078-177C-4F6A-84AA-AABD2F9B2E1F}
	EndGlobalSection
EndGlobal
